
Microsoft Visual Studio Solution File, Format Version 12.00
# Visual Studio Version 16
VisualStudioVersion = 16.0.34729.46
MinimumVisualStudioVersion = 10.0.40219.1
Project("{FAE04EC0-301F-11D3-BF4B-00C04F79EFBC}") = "MovieMate2", "WindowsFormsApp1\MovieMate2.csproj", "{758302FF-600A-4AA6-B9E7-831CE744FBCA}"
EndProject
Global
	GlobalSection(SolutionConfigurationPlatforms) = preSolution
		Debug|Any CPU = Debug|Any CPU
		Release|Any CPU = Release|Any CPU
	EndGlobalSection
	GlobalSection(ProjectConfigurationPlatforms) = postSolution
		{758302FF-600A-4AA6-B9E7-831CE744FBCA}.Debug|Any CPU.ActiveCfg = Debug|Any CPU
		{758302FF-600A-4AA6-B9E7-831CE744FBCA}.Debug|Any CPU.Build.0 = Debug|Any CPU
		{758302FF-600A-4AA6-B9E7-831CE744FBCA}.Release|Any CPU.ActiveCfg = Release|Any CPU
		{758302FF-600A-4AA6-B9E7-831CE744FBCA}.Release|Any CPU.Build.0 = Release|Any CPU
	EndGlobalSection
	GlobalSection(SolutionProperties) = preSolution
		HideSolutionNode = FALSE
	EndGlobalSection
	GlobalSection(ExtensibilityGlobals) = postSolution
		SolutionGuid = {13275960-698F-4B35-A467-8547FBE3150D}
	EndGlobalSection
EndGlobal
